
Microsoft Visual Studio Solution File, Format Version 12.00
# Visual Studio Version 16
VisualStudioVersion = 16.0.30204.135
MinimumVisualStudioVersion = 10.0.40219.1
Project("{8BC9CEB8-8B4A-11D0-8D11-00A0C91BC942}") = "Myapp", "Myapp.vcxproj", "{DCE23128-5EC8-42C3-8A0D-A622BEC68532}"
EndProject
Global
	GlobalSection(SolutionConfigurationPlatforms) = preSolution
		Debug|x64 = Debug|x64
		Release|x64 = Release|x64
	EndGlobalSection
	GlobalSection(ProjectConfigurationPlatforms) = postSolution
		{DCE23128-5EC8-42C3-8A0D-A622BEC68532}.Debug|x64.ActiveCfg = Debug|x64
		{DCE23128-5EC8-42C3-8A0D-A622BEC68532}.Debug|x64.Build.0 = Debug|x64
		{DCE23128-5EC8-42C3-8A0D-A622BEC68532}.Release|x64.ActiveCfg = Release|x64
		{DCE23128-5EC8-42C3-8A0D-A622BEC68532}.Release|x64.Build.0 = Release|x64
	EndGlobalSection
	GlobalSection(SolutionProperties) = preSolution
		HideSolutionNode = FALSE
	EndGlobalSection
	GlobalSection(ExtensibilityGlobals) = postSolution
		SolutionGuid = {6D4F786B-08A6-4EA4-90C0-C138DAFDFCF4}
	EndGlobalSection
EndGlobal
